
Microsoft Visual Studio Solution File, Format Version 12.00
Project("{FAE04EC0-301F-11D3-BF4B-00C04F79EFBC}") = "AvaloniaApplication13", "AvaloniaApplication13\AvaloniaApplication13.csproj", "{009FC134-0A82-4983-A07D-626376836B9F}"
EndProject
Global
	GlobalSection(SolutionConfigurationPlatforms) = preSolution
		Debug|Any CPU = Debug|Any CPU
		Release|Any CPU = Release|Any CPU
	EndGlobalSection
	GlobalSection(ProjectConfigurationPlatforms) = postSolution
		{009FC134-0A82-4983-A07D-626376836B9F}.Debug|Any CPU.ActiveCfg = Debug|Any CPU
		{009FC134-0A82-4983-A07D-626376836B9F}.Debug|Any CPU.Build.0 = Debug|Any CPU
		{009FC134-0A82-4983-A07D-626376836B9F}.Release|Any CPU.ActiveCfg = Release|Any CPU
		{009FC134-0A82-4983-A07D-626376836B9F}.Release|Any CPU.Build.0 = Release|Any CPU
	EndGlobalSection
EndGlobal
